
Microsoft Visual Studio Solution File, Format Version 12.00
# Visual Studio Version 17
VisualStudioVersion = 17.8.34511.84
MinimumVisualStudioVersion = 10.0.40219.1
Project("{FAE04EC0-301F-11D3-BF4B-00C04F79EFBC}") = "BudgetApp.UI.MVC", "BudgetApp.UI.MVC\BudgetApp.UI.MVC.csproj", "{0083017D-7031-4414-A067-90F7AFB9B6B2}"
EndProject
Global
	GlobalSection(SolutionConfigurationPlatforms) = preSolution
		Debug|Any CPU = Debug|Any CPU
		Release|Any CPU = Release|Any CPU
	EndGlobalSection
	GlobalSection(ProjectConfigurationPlatforms) = postSolution
		{0083017D-7031-4414-A067-90F7AFB9B6B2}.Debug|Any CPU.ActiveCfg = Debug|Any CPU
		{0083017D-7031-4414-A067-90F7AFB9B6B2}.Debug|Any CPU.Build.0 = Debug|Any CPU
		{0083017D-7031-4414-A067-90F7AFB9B6B2}.Release|Any CPU.ActiveCfg = Release|Any CPU
		{0083017D-7031-4414-A067-90F7AFB9B6B2}.Release|Any CPU.Build.0 = Release|Any CPU
	EndGlobalSection
	GlobalSection(SolutionProperties) = preSolution
		HideSolutionNode = FALSE
	EndGlobalSection
	GlobalSection(ExtensibilityGlobals) = postSolution
		SolutionGuid = {C36A19EC-08C4-4A86-BE5D-96B7B84A97A2}
	EndGlobalSection
EndGlobal
